
Microsoft Visual Studio Solution File, Format Version 12.00
# Visual Studio Version 17
VisualStudioVersion = 17.2.32616.157
MinimumVisualStudioVersion = 10.0.40219.1
Project("{FAE04EC0-301F-11D3-BF4B-00C04F79EFBC}") = "FileOperation", "FileOperation\FileOperation.csproj", "{24489413-2CD2-47F1-AAE8-30B24E120579}"
EndProject
Global
	GlobalSection(SolutionConfigurationPlatforms) = preSolution
		Debug|Any CPU = Debug|Any CPU
		Release|Any CPU = Release|Any CPU
	EndGlobalSection
	GlobalSection(ProjectConfigurationPlatforms) = postSolution
		{24489413-2CD2-47F1-AAE8-30B24E120579}.Debug|Any CPU.ActiveCfg = Debug|Any CPU
		{24489413-2CD2-47F1-AAE8-30B24E120579}.Debug|Any CPU.Build.0 = Debug|Any CPU
		{24489413-2CD2-47F1-AAE8-30B24E120579}.Release|Any CPU.ActiveCfg = Release|Any CPU
		{24489413-2CD2-47F1-AAE8-30B24E120579}.Release|Any CPU.Build.0 = Release|Any CPU
	EndGlobalSection
	GlobalSection(SolutionProperties) = preSolution
		HideSolutionNode = FALSE
	EndGlobalSection
	GlobalSection(ExtensibilityGlobals) = postSolution
		SolutionGuid = {AC8D7766-B654-4FB9-94FA-3159FBA678D8}
	EndGlobalSection
EndGlobal
